
Microsoft Visual Studio Solution File, Format Version 12.00
# Visual Studio Version 17
VisualStudioVersion = 17.5.002.0
MinimumVisualStudioVersion = 10.0.40219.1
Project("{9A19103F-16F7-4668-BE54-9A1E7A4F7556}") = "L0gg3r.Builder", "src\L0gg3r.Builder.csproj", "{F6AE40C5-CDE5-44B1-99F8-A6DB4B4003CC}"
EndProject
Project("{2150E333-8FDC-42A3-9474-1A3956D46DE8}") = "tests", "tests", "{46F715C3-B03A-4DCA-973D-3D082E06744A}"
EndProject
Project("{2150E333-8FDC-42A3-9474-1A3956D46DE8}") = "LoggerBuilderTests", "LoggerBuilderTests", "{1635D6B0-8C31-4BB3-BD67-5EAAA127F2AF}"
EndProject
Project("{FAE04EC0-301F-11D3-BF4B-00C04F79EFBC}") = "LoggerBuilderTests", "tests\LoggerBuilderTests\src\LoggerBuilderTests.csproj", "{3142C5FB-3E8B-47FC-8F36-DB3D8E2F20BD}"
EndProject
Project("{2150E333-8FDC-42A3-9474-1A3956D46DE8}") = "LogSinkBuilderTests", "LogSinkBuilderTests", "{170B8E65-5451-4914-AD89-3BB8681C65E3}"
EndProject
Project("{FAE04EC0-301F-11D3-BF4B-00C04F79EFBC}") = "LogSinkBuilderTests", "tests\LogSinkBuilderTests\src\LogSinkBuilderTests.csproj", "{7EE34A1A-E070-4895-841A-CC582E4FD150}"
EndProject
Project("{2150E333-8FDC-42A3-9474-1A3956D46DE8}") = "TestAssemblies", "TestAssemblies", "{51C60F2D-11D8-4EC0-BA56-5D61D6F7C62C}"
EndProject
Project("{2150E333-8FDC-42A3-9474-1A3956D46DE8}") = "TestAssembly1", "TestAssembly1", "{DA16625A-9E0A-4460-8E29-5AC9C1C66C23}"
EndProject
Project("{FAE04EC0-301F-11D3-BF4B-00C04F79EFBC}") = "TestAssembly1", "tests\LogSinkBuilderTests\TestAssemblies\TestAssembly1\src\TestAssembly1.csproj", "{A5A6AB63-4C61-45FD-9B4A-CD5D6145C7DF}"
EndProject
Project("{FAE04EC0-301F-11D3-BF4B-00C04F79EFBC}") = "L0gg3r.LogSinks.Base", "..\L0gg3r.LogSinks.Base\src\L0gg3r.LogSinks.Base.csproj", "{213CB3B9-73B5-40E3-A755-4A9916BBBB42}"
EndProject
Project("{2150E333-8FDC-42A3-9474-1A3956D46DE8}") = "TestLogSink", "TestLogSink", "{630A07F4-0CEB-4962-951C-4142A7248C55}"
EndProject
Project("{FAE04EC0-301F-11D3-BF4B-00C04F79EFBC}") = "TestLogSink", "tests\LogSinkBuilderTests\TestAssemblies\TestLogSink\src\TestLogSink.csproj", "{28202EFA-4B81-43DD-8AF5-CC212F9875DB}"
EndProject
Project("{2150E333-8FDC-42A3-9474-1A3956D46DE8}") = "TestAssembly2", "TestAssembly2", "{461A4F6F-5E4F-4C7A-BF30-6EF599735496}"
EndProject
Project("{FAE04EC0-301F-11D3-BF4B-00C04F79EFBC}") = "TestAssembly2", "tests\LogSinkBuilderTests\TestAssemblies\TestAssembly2\src\TestAssembly2.csproj", "{E658DBB6-CC7E-4AC0-94E6-4ECAC7F9DC46}"
EndProject
Global
	GlobalSection(SolutionConfigurationPlatforms) = preSolution
		Debug|Any CPU = Debug|Any CPU
		Release|Any CPU = Release|Any CPU
	EndGlobalSection
	GlobalSection(ProjectConfigurationPlatforms) = postSolution
		{F6AE40C5-CDE5-44B1-99F8-A6DB4B4003CC}.Debug|Any CPU.ActiveCfg = Debug|Any CPU
		{F6AE40C5-CDE5-44B1-99F8-A6DB4B4003CC}.Debug|Any CPU.Build.0 = Debug|Any CPU
		{F6AE40C5-CDE5-44B1-99F8-A6DB4B4003CC}.Release|Any CPU.ActiveCfg = Release|Any CPU
		{F6AE40C5-CDE5-44B1-99F8-A6DB4B4003CC}.Release|Any CPU.Build.0 = Release|Any CPU
		{3142C5FB-3E8B-47FC-8F36-DB3D8E2F20BD}.Debug|Any CPU.ActiveCfg = Debug|Any CPU
		{3142C5FB-3E8B-47FC-8F36-DB3D8E2F20BD}.Debug|Any CPU.Build.0 = Debug|Any CPU
		{3142C5FB-3E8B-47FC-8F36-DB3D8E2F20BD}.Release|Any CPU.ActiveCfg = Release|Any CPU
		{3142C5FB-3E8B-47FC-8F36-DB3D8E2F20BD}.Release|Any CPU.Build.0 = Release|Any CPU
		{7EE34A1A-E070-4895-841A-CC582E4FD150}.Debug|Any CPU.ActiveCfg = Debug|Any CPU
		{7EE34A1A-E070-4895-841A-CC582E4FD150}.Debug|Any CPU.Build.0 = Debug|Any CPU
		{7EE34A1A-E070-4895-841A-CC582E4FD150}.Release|Any CPU.ActiveCfg = Release|Any CPU
		{7EE34A1A-E070-4895-841A-CC582E4FD150}.Release|Any CPU.Build.0 = Release|Any CPU
		{A5A6AB63-4C61-45FD-9B4A-CD5D6145C7DF}.Debug|Any CPU.ActiveCfg = Debug|Any CPU
		{A5A6AB63-4C61-45FD-9B4A-CD5D6145C7DF}.Debug|Any CPU.Build.0 = Debug|Any CPU
		{A5A6AB63-4C61-45FD-9B4A-CD5D6145C7DF}.Release|Any CPU.ActiveCfg = Release|Any CPU
		{A5A6AB63-4C61-45FD-9B4A-CD5D6145C7DF}.Release|Any CPU.Build.0 = Release|Any CPU
		{213CB3B9-73B5-40E3-A755-4A9916BBBB42}.Debug|Any CPU.ActiveCfg = Debug|Any CPU
		{213CB3B9-73B5-40E3-A755-4A9916BBBB42}.Debug|Any CPU.Build.0 = Debug|Any CPU
		{213CB3B9-73B5-40E3-A755-4A9916BBBB42}.Release|Any CPU.ActiveCfg = Release|Any CPU
		{213CB3B9-73B5-40E3-A755-4A9916BBBB42}.Release|Any CPU.Build.0 = Release|Any CPU
		{28202EFA-4B81-43DD-8AF5-CC212F9875DB}.Debug|Any CPU.ActiveCfg = Debug|Any CPU
		{28202EFA-4B81-43DD-8AF5-CC212F9875DB}.Debug|Any CPU.Build.0 = Debug|Any CPU
		{28202EFA-4B81-43DD-8AF5-CC212F9875DB}.Release|Any CPU.ActiveCfg = Release|Any CPU
		{28202EFA-4B81-43DD-8AF5-CC212F9875DB}.Release|Any CPU.Build.0 = Release|Any CPU
		{E658DBB6-CC7E-4AC0-94E6-4ECAC7F9DC46}.Debug|Any CPU.ActiveCfg = Debug|Any CPU
		{E658DBB6-CC7E-4AC0-94E6-4ECAC7F9DC46}.Debug|Any CPU.Build.0 = Debug|Any CPU
		{E658DBB6-CC7E-4AC0-94E6-4ECAC7F9DC46}.Release|Any CPU.ActiveCfg = Release|Any CPU
		{E658DBB6-CC7E-4AC0-94E6-4ECAC7F9DC46}.Release|Any CPU.Build.0 = Release|Any CPU
	EndGlobalSection
	GlobalSection(SolutionProperties) = preSolution
		HideSolutionNode = FALSE
	EndGlobalSection
	GlobalSection(ExtensibilityGlobals) = postSolution
		SolutionGuid = {566C93F3-C6FC-4335-A9E5-6B68F97A5730}
	EndGlobalSection
	GlobalSection(NestedProjects) = preSolution
		{1635D6B0-8C31-4BB3-BD67-5EAAA127F2AF} = {46F715C3-B03A-4DCA-973D-3D082E06744A}
		{3142C5FB-3E8B-47FC-8F36-DB3D8E2F20BD} = {1635D6B0-8C31-4BB3-BD67-5EAAA127F2AF}
		{170B8E65-5451-4914-AD89-3BB8681C65E3} = {46F715C3-B03A-4DCA-973D-3D082E06744A}
		{7EE34A1A-E070-4895-841A-CC582E4FD150} = {170B8E65-5451-4914-AD89-3BB8681C65E3}
		{51C60F2D-11D8-4EC0-BA56-5D61D6F7C62C} = {170B8E65-5451-4914-AD89-3BB8681C65E3}
		{DA16625A-9E0A-4460-8E29-5AC9C1C66C23} = {51C60F2D-11D8-4EC0-BA56-5D61D6F7C62C}
		{A5A6AB63-4C61-45FD-9B4A-CD5D6145C7DF} = {DA16625A-9E0A-4460-8E29-5AC9C1C66C23}
		{630A07F4-0CEB-4962-951C-4142A7248C55} = {51C60F2D-11D8-4EC0-BA56-5D61D6F7C62C}
		{28202EFA-4B81-43DD-8AF5-CC212F9875DB} = {630A07F4-0CEB-4962-951C-4142A7248C55}
		{461A4F6F-5E4F-4C7A-BF30-6EF599735496} = {51C60F2D-11D8-4EC0-BA56-5D61D6F7C62C}
		{E658DBB6-CC7E-4AC0-94E6-4ECAC7F9DC46} = {461A4F6F-5E4F-4C7A-BF30-6EF599735496}
	EndGlobalSection
EndGlobal
