
Microsoft Visual Studio Solution File, Format Version 12.00
# Visual Studio Version 17
VisualStudioVersion = 17.5.002.0
MinimumVisualStudioVersion = 10.0.40219.1
Project("{9A19103F-16F7-4668-BE54-9A1E7A4F7556}") = "L0gg3r.Builder", "src\L0gg3r.Builder.csproj", "{F6AE40C5-CDE5-44B1-99F8-A6DB4B4003CC}"
EndProject
Project("{2150E333-8FDC-42A3-9474-1A3956D46DE8}") = "tests", "tests", "{46F715C3-B03A-4DCA-973D-3D082E06744A}"
EndProject
Project("{2150E333-8FDC-42A3-9474-1A3956D46DE8}") = "LoggerBuilderTests", "LoggerBuilderTests", "{1635D6B0-8C31-4BB3-BD67-5EAAA127F2AF}"
EndProject
Project("{FAE04EC0-301F-11D3-BF4B-00C04F79EFBC}") = "LoggerBuilderTests", "tests\LoggerBuilderTests\src\LoggerBuilderTests.csproj", "{3142C5FB-3E8B-47FC-8F36-DB3D8E2F20BD}"
EndProject
Project("{2150E333-8FDC-42A3-9474-1A3956D46DE8}") = "LogSinkBuilderTests", "LogSinkBuilderTests", "{170B8E65-5451-4914-AD89-3BB8681C65E3}"
EndProject
Project("{FAE04EC0-301F-11D3-BF4B-00C04F79EFBC}") = "LogSinkBuilderTests", "tests\LogSinkBuilderTests\src\LogSinkBuilderTests.csproj", "{7EE34A1A-E070-4895-841A-CC582E4FD150}"
EndProject
Global
	GlobalSection(SolutionConfigurationPlatforms) = preSolution
		Debug|Any CPU = Debug|Any CPU
		Release|Any CPU = Release|Any CPU
	EndGlobalSection
	GlobalSection(ProjectConfigurationPlatforms) = postSolution
		{F6AE40C5-CDE5-44B1-99F8-A6DB4B4003CC}.Debug|Any CPU.ActiveCfg = Debug|Any CPU
		{F6AE40C5-CDE5-44B1-99F8-A6DB4B4003CC}.Debug|Any CPU.Build.0 = Debug|Any CPU
		{F6AE40C5-CDE5-44B1-99F8-A6DB4B4003CC}.Release|Any CPU.ActiveCfg = Release|Any CPU
		{F6AE40C5-CDE5-44B1-99F8-A6DB4B4003CC}.Release|Any CPU.Build.0 = Release|Any CPU
		{3142C5FB-3E8B-47FC-8F36-DB3D8E2F20BD}.Debug|Any CPU.ActiveCfg = Debug|Any CPU
		{3142C5FB-3E8B-47FC-8F36-DB3D8E2F20BD}.Debug|Any CPU.Build.0 = Debug|Any CPU
		{3142C5FB-3E8B-47FC-8F36-DB3D8E2F20BD}.Release|Any CPU.ActiveCfg = Release|Any CPU
		{3142C5FB-3E8B-47FC-8F36-DB3D8E2F20BD}.Release|Any CPU.Build.0 = Release|Any CPU
		{7EE34A1A-E070-4895-841A-CC582E4FD150}.Debug|Any CPU.ActiveCfg = Debug|Any CPU
		{7EE34A1A-E070-4895-841A-CC582E4FD150}.Debug|Any CPU.Build.0 = Debug|Any CPU
		{7EE34A1A-E070-4895-841A-CC582E4FD150}.Release|Any CPU.ActiveCfg = Release|Any CPU
		{7EE34A1A-E070-4895-841A-CC582E4FD150}.Release|Any CPU.Build.0 = Release|Any CPU
	EndGlobalSection
	GlobalSection(SolutionProperties) = preSolution
		HideSolutionNode = FALSE
	EndGlobalSection
	GlobalSection(ExtensibilityGlobals) = postSolution
		SolutionGuid = {566C93F3-C6FC-4335-A9E5-6B68F97A5730}
	EndGlobalSection
	GlobalSection(NestedProjects) = preSolution
		{1635D6B0-8C31-4BB3-BD67-5EAAA127F2AF} = {46F715C3-B03A-4DCA-973D-3D082E06744A}
		{3142C5FB-3E8B-47FC-8F36-DB3D8E2F20BD} = {1635D6B0-8C31-4BB3-BD67-5EAAA127F2AF}
		{170B8E65-5451-4914-AD89-3BB8681C65E3} = {46F715C3-B03A-4DCA-973D-3D082E06744A}
		{7EE34A1A-E070-4895-841A-CC582E4FD150} = {170B8E65-5451-4914-AD89-3BB8681C65E3}
	EndGlobalSection
EndGlobal
